
Microsoft Visual Studio Solution File, Format Version 12.00
# Visual Studio Version 17
VisualStudioVersion = 17.3.32929.385
MinimumVisualStudioVersion = 10.0.40219.1
Project("{FAE04EC0-301F-11D3-BF4B-00C04F79EFBC}") = "ATM", "ATM\ATM.csproj", "{AA1F6E97-55AC-42AB-9F0A-6C576AED62D0}"
EndProject
Project("{FAE04EC0-301F-11D3-BF4B-00C04F79EFBC}") = "ViewLayer", "ViewLayer\ViewLayer.csproj", "{962755BD-9441-4E69-8C67-6D84BD1BAB50}"
EndProject
Project("{FAE04EC0-301F-11D3-BF4B-00C04F79EFBC}") = "BOLayer", "BOLayer\BOLayer.csproj", "{4DA1B21C-D610-4CE0-AAD5-DDE55F6B6DA4}"
EndProject
Project("{FAE04EC0-301F-11D3-BF4B-00C04F79EFBC}") = "DataLayer", "DataLayer\DataLayer.csproj", "{119E20B0-F773-4280-952B-E8ADF57484D3}"
EndProject
Project("{FAE04EC0-301F-11D3-BF4B-00C04F79EFBC}") = "LogicLayer", "LogicLayer\LogicLayer.csproj", "{9FD3947C-81F1-4569-8CA2-034689AA68F6}"
EndProject
Global
	GlobalSection(SolutionConfigurationPlatforms) = preSolution
		Debug|Any CPU = Debug|Any CPU
		Release|Any CPU = Release|Any CPU
	EndGlobalSection
	GlobalSection(ProjectConfigurationPlatforms) = postSolution
		{AA1F6E97-55AC-42AB-9F0A-6C576AED62D0}.Debug|Any CPU.ActiveCfg = Debug|Any CPU
		{AA1F6E97-55AC-42AB-9F0A-6C576AED62D0}.Debug|Any CPU.Build.0 = Debug|Any CPU
		{AA1F6E97-55AC-42AB-9F0A-6C576AED62D0}.Release|Any CPU.ActiveCfg = Release|Any CPU
		{AA1F6E97-55AC-42AB-9F0A-6C576AED62D0}.Release|Any CPU.Build.0 = Release|Any CPU
		{962755BD-9441-4E69-8C67-6D84BD1BAB50}.Debug|Any CPU.ActiveCfg = Debug|Any CPU
		{962755BD-9441-4E69-8C67-6D84BD1BAB50}.Debug|Any CPU.Build.0 = Debug|Any CPU
		{962755BD-9441-4E69-8C67-6D84BD1BAB50}.Release|Any CPU.ActiveCfg = Release|Any CPU
		{962755BD-9441-4E69-8C67-6D84BD1BAB50}.Release|Any CPU.Build.0 = Release|Any CPU
		{4DA1B21C-D610-4CE0-AAD5-DDE55F6B6DA4}.Debug|Any CPU.ActiveCfg = Debug|Any CPU
		{4DA1B21C-D610-4CE0-AAD5-DDE55F6B6DA4}.Debug|Any CPU.Build.0 = Debug|Any CPU
		{4DA1B21C-D610-4CE0-AAD5-DDE55F6B6DA4}.Release|Any CPU.ActiveCfg = Release|Any CPU
		{4DA1B21C-D610-4CE0-AAD5-DDE55F6B6DA4}.Release|Any CPU.Build.0 = Release|Any CPU
		{119E20B0-F773-4280-952B-E8ADF57484D3}.Debug|Any CPU.ActiveCfg = Debug|Any CPU
		{119E20B0-F773-4280-952B-E8ADF57484D3}.Debug|Any CPU.Build.0 = Debug|Any CPU
		{119E20B0-F773-4280-952B-E8ADF57484D3}.Release|Any CPU.ActiveCfg = Release|Any CPU
		{119E20B0-F773-4280-952B-E8ADF57484D3}.Release|Any CPU.Build.0 = Release|Any CPU
		{9FD3947C-81F1-4569-8CA2-034689AA68F6}.Debug|Any CPU.ActiveCfg = Debug|Any CPU
		{9FD3947C-81F1-4569-8CA2-034689AA68F6}.Debug|Any CPU.Build.0 = Debug|Any CPU
		{9FD3947C-81F1-4569-8CA2-034689AA68F6}.Release|Any CPU.ActiveCfg = Release|Any CPU
		{9FD3947C-81F1-4569-8CA2-034689AA68F6}.Release|Any CPU.Build.0 = Release|Any CPU
	EndGlobalSection
	GlobalSection(SolutionProperties) = preSolution
		HideSolutionNode = FALSE
	EndGlobalSection
	GlobalSection(ExtensibilityGlobals) = postSolution
		SolutionGuid = {ECE95739-E69E-47C3-A315-0407ECBA7F9E}
	EndGlobalSection
EndGlobal
